
Microsoft Visual Studio Solution File, Format Version 12.00
# Visual Studio Version 17
VisualStudioVersion = 17.1.32421.90
MinimumVisualStudioVersion = 10.0.40219.1
Project("{FAE04EC0-301F-11D3-BF4B-00C04F79EFBC}") = "GuarderiaMascotas", "GuarderiaMascotas\GuarderiaMascotas.csproj", "{9F1D669B-273E-45CC-965C-A8B28F5A1BC8}"
EndProject
Project("{FAE04EC0-301F-11D3-BF4B-00C04F79EFBC}") = "Entidades", "Entidades\Entidades.csproj", "{4EF39C2D-BFAE-4746-9006-5EB44455E055}"
EndProject
Project("{FAE04EC0-301F-11D3-BF4B-00C04F79EFBC}") = "CapaDatos", "CapaDatos\CapaDatos.csproj", "{2174B773-39B2-4D95-B045-BD139B0B0E7F}"
EndProject
Project("{FAE04EC0-301F-11D3-BF4B-00C04F79EFBC}") = "CapaNegocios", "CapaNegocios\CapaNegocios.csproj", "{E7BA82A3-ED02-4E1E-A126-9D4EDEA1B71C}"
EndProject
Global
	GlobalSection(SolutionConfigurationPlatforms) = preSolution
		Debug|Any CPU = Debug|Any CPU
		Release|Any CPU = Release|Any CPU
	EndGlobalSection
	GlobalSection(ProjectConfigurationPlatforms) = postSolution
		{9F1D669B-273E-45CC-965C-A8B28F5A1BC8}.Debug|Any CPU.ActiveCfg = Debug|Any CPU
		{9F1D669B-273E-45CC-965C-A8B28F5A1BC8}.Debug|Any CPU.Build.0 = Debug|Any CPU
		{9F1D669B-273E-45CC-965C-A8B28F5A1BC8}.Release|Any CPU.ActiveCfg = Release|Any CPU
		{9F1D669B-273E-45CC-965C-A8B28F5A1BC8}.Release|Any CPU.Build.0 = Release|Any CPU
		{4EF39C2D-BFAE-4746-9006-5EB44455E055}.Debug|Any CPU.ActiveCfg = Debug|Any CPU
		{4EF39C2D-BFAE-4746-9006-5EB44455E055}.Debug|Any CPU.Build.0 = Debug|Any CPU
		{4EF39C2D-BFAE-4746-9006-5EB44455E055}.Release|Any CPU.ActiveCfg = Release|Any CPU
		{4EF39C2D-BFAE-4746-9006-5EB44455E055}.Release|Any CPU.Build.0 = Release|Any CPU
		{2174B773-39B2-4D95-B045-BD139B0B0E7F}.Debug|Any CPU.ActiveCfg = Debug|Any CPU
		{2174B773-39B2-4D95-B045-BD139B0B0E7F}.Debug|Any CPU.Build.0 = Debug|Any CPU
		{2174B773-39B2-4D95-B045-BD139B0B0E7F}.Release|Any CPU.ActiveCfg = Release|Any CPU
		{2174B773-39B2-4D95-B045-BD139B0B0E7F}.Release|Any CPU.Build.0 = Release|Any CPU
		{E7BA82A3-ED02-4E1E-A126-9D4EDEA1B71C}.Debug|Any CPU.ActiveCfg = Debug|Any CPU
		{E7BA82A3-ED02-4E1E-A126-9D4EDEA1B71C}.Debug|Any CPU.Build.0 = Debug|Any CPU
		{E7BA82A3-ED02-4E1E-A126-9D4EDEA1B71C}.Release|Any CPU.ActiveCfg = Release|Any CPU
		{E7BA82A3-ED02-4E1E-A126-9D4EDEA1B71C}.Release|Any CPU.Build.0 = Release|Any CPU
	EndGlobalSection
	GlobalSection(SolutionProperties) = preSolution
		HideSolutionNode = FALSE
	EndGlobalSection
	GlobalSection(ExtensibilityGlobals) = postSolution
		SolutionGuid = {DD395493-288C-4FEA-9951-ED902520CB59}
	EndGlobalSection
EndGlobal
